{
  "nodes": {
    "kmonad": {
      "inputs": {
        "nixpkgs": "nixpkgs"
      },
      "locked": {
        "dir": "nix",
        "lastModified": 1781525174,
        "narHash": "sha256-/WgCKkOh+sHpY4WtjDBmcjWGXRChkx0+tzOZgIX2FN0=",
        "owner": "kmonad",
        "repo": "kmonad",
        "rev": "30b9705fb56059483969624d58cad077d5c62300",
        "type": "github"
      },
      "original": {
        "dir": "nix",
        "owner": "kmonad",
        "ref": "master",
        "repo": "kmonad",
        "type": "github"
      }
    },
    "nixpkgs": {
      "locked": {
        "lastModified": 1768395095,
        "narHash": "sha256-ZhuYJbwbZT32QA95tSkXd9zXHcdZj90EzHpEXBMabaw=",
        "owner": "NixOS",
        "repo": "nixpkgs",
        "rev": "13868c071cc73a5e9f610c47d7bb08e5da64fdd5",
        "type": "github"
      },
      "original": {
        "owner": "NixOS",
        "ref": "nixpkgs-unstable",
        "repo": "nixpkgs",
        "type": "github"
      }
    },
    "nixpkgs_2": {
      "locked": {
        "lastModified": 1787042014,
        "narHash": "sha256-lgnV/xeEatfEnPZG0RrXS0fhcr63p3tsVvL1GdaVkJQ=",
        "owner": "NixOS",
        "repo": "nixpkgs",
        "rev": "c69ae8fb8faeb3472fd11234ba55a70ac3601f9b",
        "type": "github"
      },
      "original": {
        "owner": "NixOS",
        "ref": "nixos-26.05",
        "repo": "nixpkgs",
        "type": "github"
      }
    },
    "root": {
      "inputs": {
        "kmonad": "kmonad",
        "nixpkgs": "nixpkgs_2"
      }
    }
  },
  "root": "root",
  "version": 7
}
